{
  "requires": true,
  "lockfileVersion": 1,
  "dependencies": {
    "@teachablemachine/pose": {
      "version": "0.8.4",
      "resolved": "https://registry.npmjs.org/@teachablemachine/pose/-/pose-0.8.4.tgz",
      "integrity": "sha512-pTH0ByZ/txizMv/nEJOUvas+bENEwg59wkUhy/Qm9xD58V0nMxr/rFZFcursfmj3GG7VSKoyfnTS+bE+qVesOw==",
      "requires": {
        "@tensorflow-models/posenet": "^2.2.0",
        "autobind-decorator": "^2.4.0",
        "seedrandom": "^3.0.1"
      }
    },
    "@tensorflow-models/posenet": {
      "version": "2.2.1",
      "resolved": "https://registry.npmjs.org/@tensorflow-models/posenet/-/posenet-2.2.1.tgz",
      "integrity": "sha512-n9/g6DfjAyrBTf/zt1haRCyWsgALxUCzg9/Ks3Y2mbYavRZVSCSTRPy/qlE5Hr4tLfyckGfDN14zmGTthNcg/g=="
    },
    "autobind-decorator": {
      "version": "2.4.0",
      "resolved": "https://registry.npmjs.org/autobind-decorator/-/autobind-decorator-2.4.0.tgz",
      "integrity": "sha512-OGYhWUO72V6DafbF8PM8rm3EPbfuyMZcJhtm5/n26IDwO18pohE4eNazLoCGhPiXOCD0gEGmrbU3849QvM8bbw=="
    },
    "ctx-polyfill": {
      "version": "1.1.4",
      "resolved": "https://registry.npmjs.org/ctx-polyfill/-/ctx-polyfill-1.1.4.tgz",
      "integrity": "sha1-CEILxcVA0IrDbQVyDKUDxl4wLWU="
    },
    "escape-string-regexp": {
      "version": "2.0.0",
      "resolved": "https://registry.npmjs.org/escape-string-regexp/-/escape-string-regexp-2.0.0.tgz",
      "integrity": "sha512-UpzcLCXolUWcNu5HtVMHYdXJjArjsF9C0aNnquZYY4uW/Vu0miy5YoWvbV345HauVvcAUnpRuhMMcqTcGOY2+w=="
    },
    "invariant": {
      "version": "2.2.4",
      "resolved": "https://registry.npmjs.org/invariant/-/invariant-2.2.4.tgz",
      "integrity": "sha512-phJfQVBuaJM5raOpJjSfkiD6BpbCE4Ns//LaXl6wGYtUBY83nWS6Rf9tXm2e8VaK60JEjYldbPif/A2B1C2gNA==",
      "requires": {
        "loose-envify": "^1.0.0"
      }
    },
    "js-tokens": {
      "version": "4.0.0",
      "resolved": "https://registry.npmjs.org/js-tokens/-/js-tokens-4.0.0.tgz",
      "integrity": "sha512-RdJUflcE3cUzKiMqQgsCu06FPu9UdIJO0beYbPhHN4k6apgJtifcoCtT9bcxOpYBtpD2kCM6Sbzg4CausW/PKQ=="
    },
    "loose-envify": {
      "version": "1.4.0",
      "resolved": "https://registry.npmjs.org/loose-envify/-/loose-envify-1.4.0.tgz",
      "integrity": "sha512-lyuxPGr/Wfhrlem2CL/UcnUc1zcqKAImBDzukY7Y5F/yQiNdko6+fRLevlw1HgMySw7f611UIY408EtxRSoK3Q==",
      "requires": {
        "js-tokens": "^3.0.0 || ^4.0.0"
      }
    },
    "react-native-canvas": {
      "version": "0.1.36",
      "resolved": "https://registry.npmjs.org/react-native-canvas/-/react-native-canvas-0.1.36.tgz",
      "integrity": "sha512-rtWEcbP9nWaETOSH8rQlwYh8j6rG9oKJPVcvAVyo6lvOVfbP9MKemB80hOOz9wCyPzk6a05clwSHSGvHtRBF5w==",
      "requires": {
        "ctx-polyfill": "^1.1.4"
      }
    },
    "react-native-webview": {
      "version": "8.0.3",
      "resolved": "https://registry.npmjs.org/react-native-webview/-/react-native-webview-8.0.3.tgz",
      "integrity": "sha512-Uhd3o73HcqiQ0GWxyz5G5+Jkh1dd1A8Kz/rCYHiX/Ctkg3KO9qrZUmzRetq5y9X1+fUH9XJt6+LO3iO/Dxopfw==",
      "requires": {
        "escape-string-regexp": "2.0.0",
        "invariant": "2.2.4"
      }
    },
    "seedrandom": {
      "version": "3.0.5",
      "resolved": "https://registry.npmjs.org/seedrandom/-/seedrandom-3.0.5.tgz",
      "integrity": "sha512-8OwmbklUNzwezjGInmZ+2clQmExQPvomqjL7LFqOYqtmuxRgQYqOD3mHaU+MvZn5FLUeVxVfQjwLZW/n/JFuqg=="
    }
  }
}
